
Microsoft Visual Studio Solution File, Format Version 11.00
# Visual Studio 2010
Project("{FAE04EC0-301F-11D3-BF4B-00C04F79EFBC}") = "C Sharp Preprocessor", "C Sharp Preprocessor\C Sharp Preprocessor.csproj", "{9EB9952C-8D97-4E0D-B98D-AF792C317703}"
EndProject
Global
	GlobalSection(SolutionConfigurationPlatforms) = preSolution
		Debug|x86 = Debug|x86
		Release|x86 = Release|x86
	EndGlobalSection
	GlobalSection(ProjectConfigurationPlatforms) = postSolution
		{9EB9952C-8D97-4E0D-B98D-AF792C317703}.Debug|x86.ActiveCfg = Debug|x86
		{9EB9952C-8D97-4E0D-B98D-AF792C317703}.Debug|x86.Build.0 = Debug|x86
		{9EB9952C-8D97-4E0D-B98D-AF792C317703}.Release|x86.ActiveCfg = Release|x86
		{9EB9952C-8D97-4E0D-B98D-AF792C317703}.Release|x86.Build.0 = Release|x86
	EndGlobalSection
	GlobalSection(SolutionProperties) = preSolution
		HideSolutionNode = FALSE
	EndGlobalSection
EndGlobal
