
Microsoft Visual Studio Solution File, Format Version 11.00
# Visual Studio 2010
Project("{FAE04EC0-301F-11D3-BF4B-00C04F79EFBC}") = "MainAI", "MainAI\MainAI.csproj", "{06CCF94B-FF5A-421F-8251-8FDB8F31E9CF}"
EndProject
Global
	GlobalSection(SolutionConfigurationPlatforms) = preSolution
		Debug|x86 = Debug|x86
		Release|x86 = Release|x86
	EndGlobalSection
	GlobalSection(ProjectConfigurationPlatforms) = postSolution
		{06CCF94B-FF5A-421F-8251-8FDB8F31E9CF}.Debug|x86.ActiveCfg = Debug|x86
		{06CCF94B-FF5A-421F-8251-8FDB8F31E9CF}.Debug|x86.Build.0 = Debug|x86
		{06CCF94B-FF5A-421F-8251-8FDB8F31E9CF}.Release|x86.ActiveCfg = Release|x86
		{06CCF94B-FF5A-421F-8251-8FDB8F31E9CF}.Release|x86.Build.0 = Release|x86
	EndGlobalSection
	GlobalSection(SolutionProperties) = preSolution
		HideSolutionNode = FALSE
	EndGlobalSection
EndGlobal
