
Microsoft Visual Studio Solution File, Format Version 11.00
# Visual Studio 2010
Project("{FAE04EC0-301F-11D3-BF4B-00C04F79EFBC}") = "ProfilableProgram", "ProfilableProgram\ProfilableProgram.csproj", "{A70EEBDF-E9BA-4231-B486-AF0F1191D28B}"
EndProject
Global
	GlobalSection(SolutionConfigurationPlatforms) = preSolution
		Debug|x86 = Debug|x86
		Release|x86 = Release|x86
	EndGlobalSection
	GlobalSection(ProjectConfigurationPlatforms) = postSolution
		{A70EEBDF-E9BA-4231-B486-AF0F1191D28B}.Debug|x86.ActiveCfg = Debug|x86
		{A70EEBDF-E9BA-4231-B486-AF0F1191D28B}.Debug|x86.Build.0 = Debug|x86
		{A70EEBDF-E9BA-4231-B486-AF0F1191D28B}.Release|x86.ActiveCfg = Release|x86
		{A70EEBDF-E9BA-4231-B486-AF0F1191D28B}.Release|x86.Build.0 = Release|x86
	EndGlobalSection
	GlobalSection(SolutionProperties) = preSolution
		HideSolutionNode = FALSE
	EndGlobalSection
EndGlobal
