
Microsoft Visual Studio Solution File, Format Version 11.00
# Visual Studio 2010
Project("{FAE04EC0-301F-11D3-BF4B-00C04F79EFBC}") = "OpenCLMatrixMult", "OpenCLMatrixMult\OpenCLMatrixMult.csproj", "{E8CB1256-387B-41EE-B3CD-19D92B5A154D}"
EndProject
Global
	GlobalSection(SolutionConfigurationPlatforms) = preSolution
		Debug|Any CPU = Debug|Any CPU
		Release|Any CPU = Release|Any CPU
	EndGlobalSection
	GlobalSection(ProjectConfigurationPlatforms) = postSolution
		{E8CB1256-387B-41EE-B3CD-19D92B5A154D}.Debug|Any CPU.ActiveCfg = Debug|Any CPU
		{E8CB1256-387B-41EE-B3CD-19D92B5A154D}.Debug|Any CPU.Build.0 = Debug|Any CPU
		{E8CB1256-387B-41EE-B3CD-19D92B5A154D}.Release|Any CPU.ActiveCfg = Release|Any CPU
		{E8CB1256-387B-41EE-B3CD-19D92B5A154D}.Release|Any CPU.Build.0 = Release|Any CPU
	EndGlobalSection
	GlobalSection(SolutionProperties) = preSolution
		HideSolutionNode = FALSE
	EndGlobalSection
EndGlobal
